// !$*UTF8*$!
{
	archiveVersion = 1;
	classes = {
	};
	objectVersion = 46;
	objects = {

/* Begin PBXBuildFile section */
		357A58F31AFFDF3C0094B0AC /* main.m in Sources */ = {isa = PBXBuildFile; fileRef = 357A58F21AFFDF3C0094B0AC /* main.m */; };
		357A58F61AFFDF3C0094B0AC /* AppDelegate.m in Sources */ = {isa = PBXBuildFile; fileRef = 357A58F51AFFDF3C0094B0AC /* AppDelegate.m */; };
		357A58F91AFFDF3C0094B0AC /* iFridge.xcdatamodeld in Sources */ = {isa = PBXBuildFile; fileRef = 357A58F71AFFDF3C0094B0AC /* iFridge.xcdatamodeld */; };
		357A58FC1AFFDF3C0094B0AC /* ViewController.m in Sources */ = {isa = PBXBuildFile; fileRef = 357A58FB1AFFDF3C0094B0AC /* ViewController.m */; };
		357A58FF1AFFDF3C0094B0AC /* Main.storyboard in Resources */ = {isa = PBXBuildFile; fileRef = 357A58FD1AFFDF3C0094B0AC /* Main.storyboard */; };
		357A59011AFFDF3C0094B0AC /* Images.xcassets in Resources */ = {isa = PBXBuildFile; fileRef = 357A59001AFFDF3C0094B0AC /* Images.xcassets */; };
		357A59041AFFDF3C0094B0AC /* LaunchScreen.xib in Resources */ = {isa = PBXBuildFile; fileRef = 357A59021AFFDF3C0094B0AC /* LaunchScreen.xib */; };
		357A59101AFFDF3D0094B0AC /* iFridgeTests.m in Sources */ = {isa = PBXBuildFile; fileRef = 357A590F1AFFDF3D0094B0AC /* iFridgeTests.m */; };
		357A591C1B00AC1F0094B0AC /* ViewControllerForFridge.m in Sources */ = {isa = PBXBuildFile; fileRef = 357A591B1B00AC1F0094B0AC /* ViewControllerForFridge.m */; };
		35A4878C1B01F993008F31F3 /* ModeliFridge.xcdatamodeld in Sources */ = {isa = PBXBuildFile; fileRef = 35A4878A1B01F993008F31F3 /* ModeliFridge.xcdatamodeld */; };
		35A4878F1B01FCB6008F31F3 /* Recipes.m in Sources */ = {isa = PBXBuildFile; fileRef = 35A4878E1B01FCB6008F31F3 /* Recipes.m */; };
		35A487921B01FCB6008F31F3 /* Fridge.m in Sources */ = {isa = PBXBuildFile; fileRef = 35A487911B01FCB6008F31F3 /* Fridge.m */; };
		35A487981B023095008F31F3 /* image.jpg in Resources */ = {isa = PBXBuildFile; fileRef = 35A487931B023095008F31F3 /* image.jpg */; };
		35A487991B023095008F31F3 /* note.png in Resources */ = {isa = PBXBuildFile; fileRef = 35A487941B023095008F31F3 /* note.png */; };
		35A4879A1B023095008F31F3 /* fridge.png in Resources */ = {isa = PBXBuildFile; fileRef = 35A487951B023095008F31F3 /* fridge.png */; };
		35A4879B1B023095008F31F3 /* fridge2.jpg in Resources */ = {isa = PBXBuildFile; fileRef = 35A487961B023095008F31F3 /* fridge2.jpg */; };
		35A4879C1B023095008F31F3 /* door.png in Resources */ = {isa = PBXBuildFile; fileRef = 35A487971B023095008F31F3 /* door.png */; };
/* End PBXBuildFile section */

/* Begin PBXContainerItemProxy section */
		357A590A1AFFDF3D0094B0AC /* PBXContainerItemProxy */ = {
			isa = PBXContainerItemProxy;
			containerPortal = 357A58E51AFFDF3C0094B0AC /* Project object */;
			proxyType = 1;
			remoteGlobalIDString = 357A58EC1AFFDF3C0094B0AC;
			remoteInfo = iFridge;
		};
/* End PBXContainerItemProxy section */

/* Begin PBXFileReference section */
		357A58ED1AFFDF3C0094B0AC /* iFridge.app */ = {isa = PBXFileReference; explicitFileType = wrapper.application; includeInIndex = 0; path = iFridge.app; sourceTree = BUILT_PRODUCTS_DIR; };
		357A58F11AFFDF3C0094B0AC /* Info.plist */ = {isa = PBXFileReference; lastKnownFileType = text.plist.xml; path = Info.plist; sourceTree = "<group>"; };
		357A58F21AFFDF3C0094B0AC /* main.m */ = {isa = PBXFileReference; lastKnownFileType = sourcecode.c.objc; path = main.m; sourceTree = "<group>"; };
		357A58F41AFFDF3C0094B0AC /* AppDelegate.h */ = {isa = PBXFileReference; lastKnownFileType = sourcecode.c.h; path = AppDelegate.h; sourceTree = "<group>"; };
		357A58F51AFFDF3C0094B0AC /* AppDelegate.m */ = {isa = PBXFileReference; lastKnownFileType = sourcecode.c.objc; path = AppDelegate.m; sourceTree = "<group>"; };
		357A58F81AFFDF3C0094B0AC /* iFridge.xcdatamodel */ = {isa = PBXFileReference; lastKnownFileType = wrapper.xcdatamodel; path = iFridge.xcdatamodel; sourceTree = "<group>"; };
		357A58FA1AFFDF3C0094B0AC /* ViewController.h */ = {isa = PBXFileReference; lastKnownFileType = sourcecode.c.h; path = ViewController.h; sourceTree = "<group>"; };
		357A58FB1AFFDF3C0094B0AC /* ViewController.m */ = {isa = PBXFileReference; lastKnownFileType = sourcecode.c.objc; path = ViewController.m; sourceTree = "<group>"; };
		357A58FE1AFFDF3C0094B0AC /* Base */ = {isa = PBXFileReference; lastKnownFileType = file.storyboard; name = Base; path = Base.lproj/Main.storyboard; sourceTree = "<group>"; };
		357A59001AFFDF3C0094B0AC /* Images.xcassets */ = {isa = PBXFileReference; lastKnownFileType = folder.assetcatalog; path = Images.xcassets; sourceTree = "<group>"; };
		357A59031AFFDF3C0094B0AC /* Base */ = {isa = PBXFileReference; lastKnownFileType = file.xib; name = Base; path = Base.lproj/LaunchScreen.xib; sourceTree = "<group>"; };
		357A59091AFFDF3D0094B0AC /* iFridgeTests.xctest */ = {isa = PBXFileReference; explicitFileType = wrapper.cfbundle; includeInIndex = 0; path = iFridgeTests.xctest; sourceTree = BUILT_PRODUCTS_DIR; };
		357A590E1AFFDF3D0094B0AC /* Info.plist */ = {isa = PBXFileReference; lastKnownFileType = text.plist.xml; path = Info.plist; sourceTree = "<group>"; };
		357A590F1AFFDF3D0094B0AC /* iFridgeTests.m */ = {isa = PBXFileReference; lastKnownFileType = sourcecode.c.objc; path = iFridgeTests.m; sourceTree = "<group>"; };
		357A591A1B00AC1F0094B0AC /* ViewControllerForFridge.h */ = {isa = PBXFileReference; fileEncoding = 4; lastKnownFileType = sourcecode.c.h; path = ViewControllerForFridge.h; sourceTree = "<group>"; };
		357A591B1B00AC1F0094B0AC /* ViewControllerForFridge.m */ = {isa = PBXFileReference; fileEncoding = 4; lastKnownFileType = sourcecode.c.objc; path = ViewControllerForFridge.m; sourceTree = "<group>"; };
		35A4878B1B01F993008F31F3 /* ModeliFridge.xcdatamodel */ = {isa = PBXFileReference; lastKnownFileType = wrapper.xcdatamodel; path = ModeliFridge.xcdatamodel; sourceTree = "<group>"; };
		35A4878D1B01FCB6008F31F3 /* Recipes.h */ = {isa = PBXFileReference; fileEncoding = 4; lastKnownFileType = sourcecode.c.h; path = Recipes.h; sourceTree = "<group>"; };
		35A4878E1B01FCB6008F31F3 /* Recipes.m */ = {isa = PBXFileReference; fileEncoding = 4; lastKnownFileType = sourcecode.c.objc; path = Recipes.m; sourceTree = "<group>"; };
		35A487901B01FCB6008F31F3 /* Fridge.h */ = {isa = PBXFileReference; fileEncoding = 4; lastKnownFileType = sourcecode.c.h; path = Fridge.h; sourceTree = "<group>"; };
		35A487911B01FCB6008F31F3 /* Fridge.m */ = {isa = PBXFileReference; fileEncoding = 4; lastKnownFileType = sourcecode.c.objc; path = Fridge.m; sourceTree = "<group>"; };
		35A487931B023095008F31F3 /* image.jpg */ = {isa = PBXFileReference; lastKnownFileType = image.jpeg; path = image.jpg; sourceTree = "<group>"; };
		35A487941B023095008F31F3 /* note.png */ = {isa = PBXFileReference; lastKnownFileType = image.png; path = note.png; sourceTree = "<group>"; };
		35A487951B023095008F31F3 /* fridge.png */ = {isa = PBXFileReference; lastKnownFileType = image.png; path = fridge.png; sourceTree = "<group>"; };
		35A487961B023095008F31F3 /* fridge2.jpg */ = {isa = PBXFileReference; lastKnownFileType = image.jpeg; path = fridge2.jpg; sourceTree = "<group>"; };
		35A487971B023095008F31F3 /* door.png */ = {isa = PBXFileReference; lastKnownFileType = image.png; path = door.png; sourceTree = "<group>"; };
/* End PBXFileReference section */

/* Begin PBXFrameworksBuildPhase section */
		357A58EA1AFFDF3C0094B0AC /* Frameworks */ = {
			isa = PBXFrameworksBuildPhase;
			buildActionMask = 2147483647;
			files = (
			);
			runOnlyForDeploymentPostprocessing = 0;
		};
		357A59061AFFDF3D0094B0AC /* Frameworks */ = {
			isa = PBXFrameworksBuildPhase;
			buildActionMask = 2147483647;
			files = (
			);
			runOnlyForDeploymentPostprocessing = 0;
		};
/* End PBXFrameworksBuildPhase section */

/* Begin PBXGroup section */
		357A58E41AFFDF3C0094B0AC = {
			isa = PBXGroup;
			children = (
				357A58EF1AFFDF3C0094B0AC /* iFridge */,
				357A590C1AFFDF3D0094B0AC /* iFridgeTests */,
				357A58EE1AFFDF3C0094B0AC /* Products */,
			);
			sourceTree = "<group>";
		};
		357A58EE1AFFDF3C0094B0AC /* Products */ = {
			isa = PBXGroup;
			children = (
				357A58ED1AFFDF3C0094B0AC /* iFridge.app */,
				357A59091AFFDF3D0094B0AC /* iFridgeTests.xctest */,
			);
			name = Products;
			sourceTree = "<group>";
		};
		357A58EF1AFFDF3C0094B0AC /* iFridge */ = {
			isa = PBXGroup;
			children = (
				357A58F41AFFDF3C0094B0AC /* AppDelegate.h */,
				357A58F51AFFDF3C0094B0AC /* AppDelegate.m */,
				357A591D1B00AC2D0094B0AC /* ForFridgeView */,
				357A59191B00ABF50094B0AC /* MainPageView */,
				357A58FD1AFFDF3C0094B0AC /* Main.storyboard */,
				35A4878A1B01F993008F31F3 /* ModeliFridge.xcdatamodeld */,
				35A487901B01FCB6008F31F3 /* Fridge.h */,
				35A487911B01FCB6008F31F3 /* Fridge.m */,
				35A4878D1B01FCB6008F31F3 /* Recipes.h */,
				35A4878E1B01FCB6008F31F3 /* Recipes.m */,
				357A59001AFFDF3C0094B0AC /* Images.xcassets */,
				357A59021AFFDF3C0094B0AC /* LaunchScreen.xib */,
				357A58F71AFFDF3C0094B0AC /* iFridge.xcdatamodeld */,
				357A58F01AFFDF3C0094B0AC /* Supporting Files */,
			);
			path = iFridge;
			sourceTree = "<group>";
		};
		357A58F01AFFDF3C0094B0AC /* Supporting Files */ = {
			isa = PBXGroup;
			children = (
				35A487931B023095008F31F3 /* image.jpg */,
				35A487941B023095008F31F3 /* note.png */,
				35A487951B023095008F31F3 /* fridge.png */,
				35A487961B023095008F31F3 /* fridge2.jpg */,
				35A487971B023095008F31F3 /* door.png */,
				357A58F11AFFDF3C0094B0AC /* Info.plist */,
				357A58F21AFFDF3C0094B0AC /* main.m */,
			);
			name = "Supporting Files";
			sourceTree = "<group>";
		};
		357A590C1AFFDF3D0094B0AC /* iFridgeTests */ = {
			isa = PBXGroup;
			children = (
				357A590F1AFFDF3D0094B0AC /* iFridgeTests.m */,
				357A590D1AFFDF3D0094B0AC /* Supporting Files */,
			);
			path = iFridgeTests;
			sourceTree = "<group>";
		};
		357A590D1AFFDF3D0094B0AC /* Supporting Files */ = {
			isa = PBXGroup;
			children = (
				357A590E1AFFDF3D0094B0AC /* Info.plist */,
			);
			name = "Supporting Files";
			sourceTree = "<group>";
		};
		357A59191B00ABF50094B0AC /* MainPageView */ = {
			isa = PBXGroup;
			children = (
				357A58FA1AFFDF3C0094B0AC /* ViewController.h */,
				357A58FB1AFFDF3C0094B0AC /* ViewController.m */,
			);
			name = MainPageView;
			sourceTree = "<group>";
		};
		357A591D1B00AC2D0094B0AC /* ForFridgeView */ = {
			isa = PBXGroup;
			children = (
				357A591A1B00AC1F0094B0AC /* ViewControllerForFridge.h */,
				357A591B1B00AC1F0094B0AC /* ViewControllerForFridge.m */,
			);
			name = ForFridgeView;
			sourceTree = "<group>";
		};
/* End PBXGroup section */

/* Begin PBXNativeTarget section */
		357A58EC1AFFDF3C0094B0AC /* iFridge */ = {
			isa = PBXNativeTarget;
			buildConfigurationList = 357A59131AFFDF3D0094B0AC /* Build configuration list for PBXNativeTarget "iFridge" */;
			buildPhases = (
				357A58E91AFFDF3C0094B0AC /* Sources */,
				357A58EA1AFFDF3C0094B0AC /* Frameworks */,
				357A58EB1AFFDF3C0094B0AC /* Resources */,
			);
			buildRules = (
			);
			dependencies = (
			);
			name = iFridge;
			productName = iFridge;
			productReference = 357A58ED1AFFDF3C0094B0AC /* iFridge.app */;
			productType = "com.apple.product-type.application";
		};
		357A59081AFFDF3D0094B0AC /* iFridgeTests */ = {
			isa = PBXNativeTarget;
			buildConfigurationList = 357A59161AFFDF3D0094B0AC /* Build configuration list for PBXNativeTarget "iFridgeTests" */;
			buildPhases = (
				357A59051AFFDF3D0094B0AC /* Sources */,
				357A59061AFFDF3D0094B0AC /* Frameworks */,
				357A59071AFFDF3D0094B0AC /* Resources */,
			);
			buildRules = (
			);
			dependencies = (
				357A590B1AFFDF3D0094B0AC /* PBXTargetDependency */,
			);
			name = iFridgeTests;
			productName = iFridgeTests;
			productReference = 357A59091AFFDF3D0094B0AC /* iFridgeTests.xctest */;
			productType = "com.apple.product-type.bundle.unit-test";
		};
/* End PBXNativeTarget section */

/* Begin PBXProject section */
		357A58E51AFFDF3C0094B0AC /* Project object */ = {
			isa = PBXProject;
			attributes = {
				LastUpgradeCheck = 0610;
				ORGANIZATIONNAME = "Alexey Pelekh";
				TargetAttributes = {
					357A58EC1AFFDF3C0094B0AC = {
						CreatedOnToolsVersion = 6.1.1;
					};
					357A59081AFFDF3D0094B0AC = {
						CreatedOnToolsVersion = 6.1.1;
						TestTargetID = 357A58EC1AFFDF3C0094B0AC;
					};
				};
			};
			buildConfigurationList = 357A58E81AFFDF3C0094B0AC /* Build configuration list for PBXProject "iFridge" */;
			compatibilityVersion = "Xcode 3.2";
			developmentRegion = English;
			hasScannedForEncodings = 0;
			knownRegions = (
				en,
				Base,
			);
			mainGroup = 357A58E41AFFDF3C0094B0AC;
			productRefGroup = 357A58EE1AFFDF3C0094B0AC /* Products */;
			projectDirPath = "";
			projectRoot = "";
			targets = (
				357A58EC1AFFDF3C0094B0AC /* iFridge */,
				357A59081AFFDF3D0094B0AC /* iFridgeTests */,
			);
		};
/* End PBXProject section */

/* Begin PBXResourcesBuildPhase section */
		357A58EB1AFFDF3C0094B0AC /* Resources */ = {
			isa = PBXResourcesBuildPhase;
			buildActionMask = 2147483647;
			files = (
				357A58FF1AFFDF3C0094B0AC /* Main.storyboard in Resources */,
				35A487991B023095008F31F3 /* note.png in Resources */,
				357A59041AFFDF3C0094B0AC /* LaunchScreen.xib in Resources */,
				357A59011AFFDF3C0094B0AC /* Images.xcassets in Resources */,
				35A4879A1B023095008F31F3 /* fridge.png in Resources */,
				35A487981B023095008F31F3 /* image.jpg in Resources */,
				35A4879B1B023095008F31F3 /* fridge2.jpg in Resources */,
				35A4879C1B023095008F31F3 /* door.png in Resources */,
			);
			runOnlyForDeploymentPostprocessing = 0;
		};
		357A59071AFFDF3D0094B0AC /* Resources */ = {
			isa = PBXResourcesBuildPhase;
			buildActionMask = 2147483647;
			files = (
			);
			runOnlyForDeploymentPostprocessing = 0;
		};
/* End PBXResourcesBuildPhase section */

/* Begin PBXSourcesBuildPhase section */
		357A58E91AFFDF3C0094B0AC /* Sources */ = {
			isa = PBXSourcesBuildPhase;
			buildActionMask = 2147483647;
			files = (
				35A4878C1B01F993008F31F3 /* ModeliFridge.xcdatamodeld in Sources */,
				357A58F61AFFDF3C0094B0AC /* AppDelegate.m in Sources */,
				35A4878F1B01FCB6008F31F3 /* Recipes.m in Sources */,
				357A58F31AFFDF3C0094B0AC /* main.m in Sources */,
				35A487921B01FCB6008F31F3 /* Fridge.m in Sources */,
				357A58FC1AFFDF3C0094B0AC /* ViewController.m in Sources */,
				357A58F91AFFDF3C0094B0AC /* iFridge.xcdatamodeld in Sources */,
				357A591C1B00AC1F0094B0AC /* ViewControllerForFridge.m in Sources */,
			);
			runOnlyForDeploymentPostprocessing = 0;
		};
		357A59051AFFDF3D0094B0AC /* Sources */ = {
			isa = PBXSourcesBuildPhase;
			buildActionMask = 2147483647;
			files = (
				357A59101AFFDF3D0094B0AC /* iFridgeTests.m in Sources */,
			);
			runOnlyForDeploymentPostprocessing = 0;
		};
/* End PBXSourcesBuildPhase section */

/* Begin PBXTargetDependency section */
		357A590B1AFFDF3D0094B0AC /* PBXTargetDependency */ = {
			isa = PBXTargetDependency;
			target = 357A58EC1AFFDF3C0094B0AC /* iFridge */;
			targetProxy = 357A590A1AFFDF3D0094B0AC /* PBXContainerItemProxy */;
		};
/* End PBXTargetDependency section */

/* Begin PBXVariantGroup section */
		357A58FD1AFFDF3C0094B0AC /* Main.storyboard */ = {
			isa = PBXVariantGroup;
			children = (
				357A58FE1AFFDF3C0094B0AC /* Base */,
			);
			name = Main.storyboard;
			sourceTree = "<group>";
		};
		357A59021AFFDF3C0094B0AC /* LaunchScreen.xib */ = {
			isa = PBXVariantGroup;
			children = (
				357A59031AFFDF3C0094B0AC /* Base */,
			);
			name = LaunchScreen.xib;
			sourceTree = "<group>";
		};
/* End PBXVariantGroup section */

/* Begin XCBuildConfiguration section */
		357A59111AFFDF3D0094B0AC /* Debug */ = {
			isa = XCBuildConfiguration;
			buildSettings = {
				ALWAYS_SEARCH_USER_PATHS = NO;
				CLANG_CXX_LANGUAGE_STANDARD = "gnu++0x";
				CLANG_CXX_LIBRARY = "libc++";
				CLANG_ENABLE_MODULES = YES;
				CLANG_ENABLE_OBJC_ARC = YES;
				CLANG_WARN_BOOL_CONVERSION = YES;
				CLANG_WARN_CONSTANT_CONVERSION = YES;
				CLANG_WARN_DIRECT_OBJC_ISA_USAGE = YES_ERROR;
				CLANG_WARN_EMPTY_BODY = YES;
				CLANG_WARN_ENUM_CONVERSION = YES;
				CLANG_WARN_INT_CONVERSION = YES;
				CLANG_WARN_OBJC_ROOT_CLASS = YES_ERROR;
				CLANG_WARN_UNREACHABLE_CODE = YES;
				CLANG_WARN__DUPLICATE_METHOD_MATCH = YES;
				"CODE_SIGN_IDENTITY[sdk=iphoneos*]" = "iPhone Developer";
				COPY_PHASE_STRIP = NO;
				ENABLE_STRICT_OBJC_MSGSEND = YES;
				GCC_C_LANGUAGE_STANDARD = gnu99;
				GCC_DYNAMIC_NO_PIC = NO;
				GCC_OPTIMIZATION_LEVEL = 0;
				GCC_PREPROCESSOR_DEFINITIONS = (
					"DEBUG=1",
					"$(inherited)",
				);
				GCC_SYMBOLS_PRIVATE_EXTERN = NO;
				GCC_WARN_64_TO_32_BIT_CONVERSION = YES;
				GCC_WARN_ABOUT_RETURN_TYPE = YES_ERROR;
				GCC_WARN_UNDECLARED_SELECTOR = YES;
				GCC_WARN_UNINITIALIZED_AUTOS = YES_AGGRESSIVE;
				GCC_WARN_UNUSED_FUNCTION = YES;
				GCC_WARN_UNUSED_VARIABLE = YES;
				IPHONEOS_DEPLOYMENT_TARGET = 8.1;
				MTL_ENABLE_DEBUG_INFO = YES;
				ONLY_ACTIVE_ARCH = YES;
				SDKROOT = iphoneos;
			};
			name = Debug;
		};
		357A59121AFFDF3D0094B0AC /* Release */ = {
			isa = XCBuildConfiguration;
			buildSettings = {
				ALWAYS_SEARCH_USER_PATHS = NO;
				CLANG_CXX_LANGUAGE_STANDARD = "gnu++0x";
				CLANG_CXX_LIBRARY = "libc++";
				CLANG_ENABLE_MODULES = YES;
				CLANG_ENABLE_OBJC_ARC = YES;
				CLANG_WARN_BOOL_CONVERSION = YES;
				CLANG_WARN_CONSTANT_CONVERSION = YES;
				CLANG_WARN_DIRECT_OBJC_ISA_USAGE = YES_ERROR;
				CLANG_WARN_EMPTY_BODY = YES;
				CLANG_WARN_ENUM_CONVERSION = YES;
				CLANG_WARN_INT_CONVERSION = YES;
				CLANG_WARN_OBJC_ROOT_CLASS = YES_ERROR;
				CLANG_WARN_UNREACHABLE_CODE = YES;
				CLANG_WARN__DUPLICATE_METHOD_MATCH = YES;
				"CODE_SIGN_IDENTITY[sdk=iphoneos*]" = "iPhone Developer";
				COPY_PHASE_STRIP = YES;
				ENABLE_NS_ASSERTIONS = NO;
				ENABLE_STRICT_OBJC_MSGSEND = YES;
				GCC_C_LANGUAGE_STANDARD = gnu99;
				GCC_WARN_64_TO_32_BIT_CONVERSION = YES;
				GCC_WARN_ABOUT_RETURN_TYPE = YES_ERROR;
				GCC_WARN_UNDECLARED_SELECTOR = YES;
				GCC_WARN_UNINITIALIZED_AUTOS = YES_AGGRESSIVE;
				GCC_WARN_UNUSED_FUNCTION = YES;
				GCC_WARN_UNUSED_VARIABLE = YES;
				IPHONEOS_DEPLOYMENT_TARGET = 8.1;
				MTL_ENABLE_DEBUG_INFO = NO;
				SDKROOT = iphoneos;
				VALIDATE_PRODUCT = YES;
			};
			name = Release;
		};
		357A59141AFFDF3D0094B0AC /* Debug */ = {
			isa = XCBuildConfiguration;
			buildSettings = {
				ASSETCATALOG_COMPILER_APPICON_NAME = AppIcon;
				INFOPLIST_FILE = iFridge/Info.plist;
				LD_RUNPATH_SEARCH_PATHS = "$(inherited) @executable_path/Frameworks";
				PRODUCT_NAME = "$(TARGET_NAME)";
			};
			name = Debug;
		};
		357A59151AFFDF3D0094B0AC /* Release */ = {
			isa = XCBuildConfiguration;
			buildSettings = {
				ASSETCATALOG_COMPILER_APPICON_NAME = AppIcon;
				INFOPLIST_FILE = iFridge/Info.plist;
				LD_RUNPATH_SEARCH_PATHS = "$(inherited) @executable_path/Frameworks";
				PRODUCT_NAME = "$(TARGET_NAME)";
			};
			name = Release;
		};
		357A59171AFFDF3D0094B0AC /* Debug */ = {
			isa = XCBuildConfiguration;
			buildSettings = {
				BUNDLE_LOADER = "$(TEST_HOST)";
				FRAMEWORK_SEARCH_PATHS = (
					"$(SDKROOT)/Developer/Library/Frameworks",
					"$(inherited)",
				);
				GCC_PREPROCESSOR_DEFINITIONS = (
					"DEBUG=1",
					"$(inherited)",
				);
				INFOPLIST_FILE = iFridgeTests/Info.plist;
				LD_RUNPATH_SEARCH_PATHS = "$(inherited) @executable_path/Frameworks @loader_path/Frameworks";
				PRODUCT_NAME = "$(TARGET_NAME)";
				TEST_HOST = "$(BUILT_PRODUCTS_DIR)/iFridge.app/iFridge";
			};
			name = Debug;
		};
		357A59181AFFDF3D0094B0AC /* Release */ = {
			isa = XCBuildConfiguration;
			buildSettings = {
				BUNDLE_LOADER = "$(TEST_HOST)";
				FRAMEWORK_SEARCH_PATHS = (
					"$(SDKROOT)/Developer/Library/Frameworks",
					"$(inherited)",
				);
				INFOPLIST_FILE = iFridgeTests/Info.plist;
				LD_RUNPATH_SEARCH_PATHS = "$(inherited) @executable_path/Frameworks @loader_path/Frameworks";
				PRODUCT_NAME = "$(TARGET_NAME)";
				TEST_HOST = "$(BUILT_PRODUCTS_DIR)/iFridge.app/iFridge";
			};
			name = Release;
		};
/* End XCBuildConfiguration section */

/* Begin XCConfigurationList section */
		357A58E81AFFDF3C0094B0AC /* Build configuration list for PBXProject "iFridge" */ = {
			isa = XCConfigurationList;
			buildConfigurations = (
				357A59111AFFDF3D0094B0AC /* Debug */,
				357A59121AFFDF3D0094B0AC /* Release */,
			);
			defaultConfigurationIsVisible = 0;
			defaultConfigurationName = Release;
		};
		357A59131AFFDF3D0094B0AC /* Build configuration list for PBXNativeTarget "iFridge" */ = {
			isa = XCConfigurationList;
			buildConfigurations = (
				357A59141AFFDF3D0094B0AC /* Debug */,
				357A59151AFFDF3D0094B0AC /* Release */,
			);
			defaultConfigurationIsVisible = 0;
			defaultConfigurationName = Release;
		};
		357A59161AFFDF3D0094B0AC /* Build configuration list for PBXNativeTarget "iFridgeTests" */ = {
			isa = XCConfigurationList;
			buildConfigurations = (
				357A59171AFFDF3D0094B0AC /* Debug */,
				357A59181AFFDF3D0094B0AC /* Release */,
			);
			defaultConfigurationIsVisible = 0;
			defaultConfigurationName = Release;
		};
/* End XCConfigurationList section */

/* Begin XCVersionGroup section */
		357A58F71AFFDF3C0094B0AC /* iFridge.xcdatamodeld */ = {
			isa = XCVersionGroup;
			children = (
				357A58F81AFFDF3C0094B0AC /* iFridge.xcdatamodel */,
			);
			currentVersion = 357A58F81AFFDF3C0094B0AC /* iFridge.xcdatamodel */;
			path = iFridge.xcdatamodeld;
			sourceTree = "<group>";
			versionGroupType = wrapper.xcdatamodel;
		};
		35A4878A1B01F993008F31F3 /* ModeliFridge.xcdatamodeld */ = {
			isa = XCVersionGroup;
			children = (
				35A4878B1B01F993008F31F3 /* ModeliFridge.xcdatamodel */,
			);
			currentVersion = 35A4878B1B01F993008F31F3 /* ModeliFridge.xcdatamodel */;
			path = ModeliFridge.xcdatamodeld;
			sourceTree = "<group>";
			versionGroupType = wrapper.xcdatamodel;
		};
/* End XCVersionGroup section */
	};
	rootObject = 357A58E51AFFDF3C0094B0AC /* Project object */;
}
